
Microsoft Visual Studio Solution File, Format Version 12.00
# Visual Studio Version 16
VisualStudioVersion = 16.0.32106.194
MinimumVisualStudioVersion = 10.0.40219.1
Project("{FAE04EC0-301F-11D3-BF4B-00C04F79EFBC}") = "BaiThiEADFront", "BaiThiEADFront\BaiThiEADFront.csproj", "{751E4B3E-5CBE-4F08-B963-76AD3D249492}"
EndProject
Global
	GlobalSection(SolutionConfigurationPlatforms) = preSolution
		Debug|Any CPU = Debug|Any CPU
		Release|Any CPU = Release|Any CPU
	EndGlobalSection
	GlobalSection(ProjectConfigurationPlatforms) = postSolution
		{751E4B3E-5CBE-4F08-B963-76AD3D249492}.Debug|Any CPU.ActiveCfg = Debug|Any CPU
		{751E4B3E-5CBE-4F08-B963-76AD3D249492}.Debug|Any CPU.Build.0 = Debug|Any CPU
		{751E4B3E-5CBE-4F08-B963-76AD3D249492}.Release|Any CPU.ActiveCfg = Release|Any CPU
		{751E4B3E-5CBE-4F08-B963-76AD3D249492}.Release|Any CPU.Build.0 = Release|Any CPU
	EndGlobalSection
	GlobalSection(SolutionProperties) = preSolution
		HideSolutionNode = FALSE
	EndGlobalSection
	GlobalSection(ExtensibilityGlobals) = postSolution
		SolutionGuid = {A621938B-530B-41B5-980B-99976F5FA121}
	EndGlobalSection
EndGlobal
